<?xml version="1.0" encoding="utf-8"?>
<Project ToolsVersion="4.0" xmlns="http://schemas.microsoft.com/developer/msbuild/2003">
  <ItemGroup>
    <Filter Include="headers">
      <UniqueIdentifier>{93995380-89BD-4b04-88EB-625FBE52EBFB}</UniqueIdentifier>
      <Extensions>h;hh;hpp;hxx;h++;hm;inl;inc;ipp;xsd</Extensions>
    </Filter>
    <Filter Include="assets">
      <UniqueIdentifier>{67DA6AB6-F800-4c08-8B7A-83BB121AAD01}</UniqueIdentifier>
      <Extensions>rc;ico;cur;bmp;dlg;rc2;rct;bin;rgs;gif;jpg;jpeg;jpe;resx;tiff;tif;png;wav;mfcribbon-ms</Extensions>
    </Filter>
    <Filter Include="sources">
      <UniqueIdentifier>{4FC737F1-C7A5-4376-A066-2A32D752A2FF}</UniqueIdentifier>
      <Extensions>cpp;c;cc;cxx;c++;cppm;ixx;def;odl;idl;hpj;bat;asm;asmx</Extensions>
    </Filter>
    <Filter Include="headers\memory_pools">
      <UniqueIdentifier>{56b11602-8214-486c-8397-5bef11965554}</UniqueIdentifier>
    </Filter>
    <Filter Include="headers\ECS">
      <UniqueIdentifier>{2edd0084-14a0-4657-aa6d-f089a04c0f31}</UniqueIdentifier>
    </Filter>
    <Filter Include="headers\default_systems">
      <UniqueIdentifier>{c6edb4cf-96ee-4ae7-9ccd-0cf66e5e26b6}</UniqueIdentifier>
    </Filter>
    <Filter Include="sources\opengl-init">
      <UniqueIdentifier>{94ed46bf-3426-438a-9de3-90f2b83e967a}</UniqueIdentifier>
    </Filter>
    <Filter Include="sources\default_systems">
      <UniqueIdentifier>{001342f0-0765-4fd5-ba3a-e7f50b4230f3}</UniqueIdentifier>
    </Filter>
    <Filter Include="headers\default_tasks">
      <UniqueIdentifier>{24d0ff79-cdb3-44eb-9780-8c98c35495ac}</UniqueIdentifier>
    </Filter>
    <Filter Include="sources\default_tasks">
      <UniqueIdentifier>{117d36b9-4f89-440a-a5b1-c25fd860d3c1}</UniqueIdentifier>
    </Filter>
    <Filter Include="headers\event_system">
      <UniqueIdentifier>{497eecf5-49fd-447b-bcea-076dbd3a1696}</UniqueIdentifier>
    </Filter>
  </ItemGroup>
  <ItemGroup>
    <ClInclude Include="..\..\code\headers\window.h">
      <Filter>headers</Filter>
    </ClInclude>
    <ClInclude Include="..\..\code\headers\chunked_memory_pool.h">
      <Filter>headers\memory_pools</Filter>
    </ClInclude>
    <ClInclude Include="..\..\code\headers\incremental_memory_pool.h">
      <Filter>headers\memory_pools</Filter>
    </ClInclude>
    <ClInclude Include="..\..\code\headers\object_pool.h">
      <Filter>headers\memory_pools</Filter>
    </ClInclude>
    <ClInclude Include="..\..\code\headers\task.h">
      <Filter>headers</Filter>
    </ClInclude>
    <ClInclude Include="..\..\code\headers\thread_pool.h">
      <Filter>headers</Filter>
    </ClInclude>
    <ClInclude Include="..\..\code\headers\kernel.h">
      <Filter>headers\ECS</Filter>
    </ClInclude>
    <ClInclude Include="..\..\code\headers\entity.h">
      <Filter>headers\ECS</Filter>
    </ClInclude>
    <ClInclude Include="..\..\code\headers\component.h">
      <Filter>headers\ECS</Filter>
    </ClInclude>
    <ClInclude Include="..\..\code\headers\scene.h">
      <Filter>headers\ECS</Filter>
    </ClInclude>
    <ClInclude Include="..\..\code\headers\system.h">
      <Filter>headers\ECS</Filter>
    </ClInclude>
    <ClInclude Include="..\..\code\headers\render_system.h">
      <Filter>headers\default_systems</Filter>
    </ClInclude>
    <ClInclude Include="..\..\code\headers\input_system.h">
      <Filter>headers\default_systems</Filter>
    </ClInclude>
    <ClInclude Include="..\..\code\headers\input_task.h">
      <Filter>headers\default_tasks</Filter>
    </ClInclude>
    <ClInclude Include="..\..\code\headers\Keyboard.hpp">
      <Filter>headers</Filter>
    </ClInclude>
    <ClInclude Include="..\..\code\headers\event.h">
      <Filter>headers\event_system</Filter>
    </ClInclude>
    <ClInclude Include="..\..\code\headers\event_dispatcher.h">
      <Filter>headers\event_system</Filter>
    </ClInclude>
  </ItemGroup>
  <ItemGroup>
    <ClCompile Include="..\..\code\sources\window.cpp">
      <Filter>sources</Filter>
    </ClCompile>
    <ClCompile Include="..\..\code\sources\WinMain.cpp">
      <Filter>sources</Filter>
    </ClCompile>
    <ClCompile Include="..\..\code\sources\Keyboard.cpp">
      <Filter>sources</Filter>
    </ClCompile>
    <ClCompile Include="..\..\code\sources\finalize.cpp">
      <Filter>sources\opengl-init</Filter>
    </ClCompile>
    <ClCompile Include="..\..\code\sources\initialize.cpp">
      <Filter>sources\opengl-init</Filter>
    </ClCompile>
    <ClCompile Include="..\..\code\sources\scene.cpp">
      <Filter>sources</Filter>
    </ClCompile>
    <ClCompile Include="..\..\code\sources\render_system.cpp">
      <Filter>sources\default_systems</Filter>
    </ClCompile>
    <ClCompile Include="..\..\code\sources\input_system.cpp">
      <Filter>sources\default_systems</Filter>
    </ClCompile>
    <ClCompile Include="..\..\code\sources\input_task.cpp">
      <Filter>sources\default_tasks</Filter>
    </ClCompile>
  </ItemGroup>
</Project>